# auto-generated by grc.converter

id: specest_stream_to_vector_overlap
label: Stream to Vector w/ overlap
category: Spectrum Estimation

parameters:
-   id: type
    label: Type
    dtype: enum
    options: [complex, float, int, short, byte]
    option_attributes:
        size: [gr.sizeof_gr_complex, gr.sizeof_float, gr.sizeof_int, gr.sizeof_short,
            gr.sizeof_char]
    hide: part
-   id: nitems_per_block
    label: Items per block
    dtype: int
    hide: ${ 'part' if vlen == 1 else 'none' }
-   id: overlap
    label: Overlap
    dtype: int

inputs:
-   domain: stream
    dtype: ${ type }

outputs:
-   domain: stream
    dtype: ${ type }
    vlen: ${ nitems_per_block }

templates:
    imports: import specest
    make: specest.stream_to_vector_overlap(${type.size}, ${nitems_per_block}, ${overlap})

file_format: 1
