id: specest_welchsp
label: Welch Spectrum Estimator (Single-Pole)
category: Spectrum Estimation

parameters:
-   id: fftlen
    label: FFT Length
    dtype: int
    default: '1024'
-   id: overlap
    label: Overlap
    dtype: int
    default: '-1'
-   id: alpha
    label: Moving Average Coefficient
    dtype: real
    default: 0.1
-   id: fftshift
    label: FFT Shift
    dtype: enum
    options: ['False', 'True']
    option_labels: [No shift, Shift DC to middle]
-   id: wintype
    label: Window type
    dtype: enum
    options: [firdes.WIN_HAMMING, firdes.WIN_HANN, firdes.WIN_BLACKMAN, firdes.WIN_RECTANGULAR,
        firdes.WIN_KAISER, firdes.WIN_BLACKMAN_hARRIS]
    option_labels: [Hamming, Hann, Blackman, Rectangular, Kaiser, Hamming]
-   id: beta
    label: Beta
    dtype: real
    default: '6.76'

inputs:
-   domain: stream
    dtype: complex

outputs:
-   domain: stream
    dtype: float
    vlen: ${ fftlen }

templates:
    imports: |-
        import specest
        from gnuradio.filter import firdes
    make: specest.welch(${fftlen}, ${overlap}, ${alpha}, ${fftshift}, ${wintype}, ${beta})

file_format: 1
