# auto-generated by grc.converter

id: specest_esprit
label: Esprit
category: SPECEST

parameters:
-   id: n
    label: N
    dtype: raw
    hide: ${ 'part' if vlen == 1 else 'none' }
-   id: m
    label: M
    dtype: raw
    hide: ${ 'part' if vlen == 1 else 'none' }
-   id: nsamples
    label: Nsamples
    dtype: raw
-   id: pspectrum_len
    label: Pspectrum_len
    dtype: raw
    hide: ${ 'part' if vlen == 1 else 'none' }
-   id: decimation
    label: Decimation
    dtype: raw

inputs:
-   domain: stream
    dtype: complex

outputs:
-   domain: stream
    dtype: float
    vlen: ${ pspectrum_len }

templates:
    imports: import specest
    make: specest.esprit(${n}, ${m}, ${nsamples}, ${pspectrum_len}, ${decimation})

file_format: 1
