# auto-generated by grc.converter

id: specest_cyclo_fam_calcspectrum_vcf
label: cyclo_fam_calcspectrum_vcf
category: specest

parameters:
-   id: '...'
    label: '...'
    dtype: '...'

inputs:
-   domain: stream
    dtype: ''

outputs:
-   domain: stream
    dtype: ''

templates:
    imports: import specest
    make: specest.cyclo_fam_calcspectrum_vcf(${Np}, ${P}, ${L})

file_format: 1
