# auto-generated by grc.converter

id: specest_music_spectrum_vcf
label: MUSIC Pseudospectrum Estimator
category: specest

parameters:
-   id: n
    label: N
    dtype: raw
    hide: ${ 'part' if vlen == 1 else 'none' }
-   id: m
    label: M
    dtype: raw
    hide: ${ 'part' if vlen == 1 else 'none' }
-   id: nsamples
    label: Nsamples
    dtype: raw
    hide: ${ 'part' if vlen == 1 else 'none' }
-   id: pspectrum_len
    label: Pspectrum_len
    dtype: raw
    hide: ${ 'part' if vlen == 1 else 'none' }

inputs:
-   domain: stream
    dtype: complex
    vlen: ${ nsamples }

outputs:
-   domain: stream
    dtype: float
    vlen: ${ pspectrum_len }

templates:
    imports: import specest
    make: specest.music_spectrum_vcf(${n}, ${m}, ${nsamples}, ${pspectrum_len})

file_format: 1
