id: specest_esprit_vcf
label: ESPRIT Frequency Estimator

parameters:
-   id: n
    label: Number of Sinusoids
    dtype: int
    default: 2
-   id: m
    label: Dimension of Correlation Matrix
    dtype: int
    default: '7'
-   id: nsamples
    label: Number of samples per Correlation Matrix
    dtype: int
    default: '512'

inputs:
-   domain: stream
    dtype: complex
    vlen: ${ nsamples }

outputs:
-   domain: stream
    dtype: float
    vlen: ${ n }

templates:
    imports: import specest
    make: specest.esprit_vcf(${n}, ${m}, ${nsamples})

documentation: "ESPRIT Frequency Estimator\n\n\tParameters:\n\t  n: number of expected\
    \ sinusoids, n<m\n\t  m: dimension of the correlation matrix. Governs the quality\
    \ of the estimate.\n\t  nsamples: considered samples per estimate\n\n\tESPRIT\
    \ (Estimation of Signal Parameters via Rotational Invariance Techniques)\n\tis\
    \ a subspace oriented parametric frequency estimator.\n\n\tIt works primarily\
    \ by correlating a series of samples in a correlation matrix,\n\tdecomposing it\
    \ into orthogonal eigenvectors, finding the signal subspace from the\n\teigenvectors\
    \ belonging to the m largest eigenvalues, calculating a matrix similar\n\tto the\
    \ rotational matrix of two sequent correlation matrices, finding the signal\n\t\
    frequencies as eigenvalues of this matrix.\n\n\tFor this method to work, it is\
    \ necessary that n<m.\n\n\tFor another subspace oriented frequency estimator,\
    \ see specest_music_vcf."

file_format: 1
